
Microsoft Visual Studio Solution File, Format Version 12.00
# Visual Studio Version 17
VisualStudioVersion = 17.13.35931.197 d17.13
MinimumVisualStudioVersion = 10.0.40219.1
Project("{FAE04EC0-301F-11D3-BF4B-00C04F79EFBC}") = "SavegameToolkit", "ArkSavegameToolkit\SavegameToolkit\SavegameToolkit.csproj", "{F6D5EDED-C2D9-F86C-74DA-58C762DBA0E0}"
EndProject
Project("{FAE04EC0-301F-11D3-BF4B-00C04F79EFBC}") = "SavegameToolkitAdditions", "ArkSavegameToolkit\SavegameToolkitAdditions\SavegameToolkitAdditions.csproj", "{E53DE909-9150-F720-A034-6982CA7E3085}"
EndProject
Project("{FAE04EC0-301F-11D3-BF4B-00C04F79EFBC}") = "ArkMapViewer", "ArkMapViewer\ArkMapViewer.csproj", "{C7F03602-DF49-45A7-A0AC-3D24B4168209}"
EndProject
Global
	GlobalSection(SolutionConfigurationPlatforms) = preSolution
		Debug|Any CPU = Debug|Any CPU
		Release|Any CPU = Release|Any CPU
	EndGlobalSection
	GlobalSection(ProjectConfigurationPlatforms) = postSolution
		{F6D5EDED-C2D9-F86C-74DA-58C762DBA0E0}.Debug|Any CPU.ActiveCfg = Debug|Any CPU
		{F6D5EDED-C2D9-F86C-74DA-58C762DBA0E0}.Debug|Any CPU.Build.0 = Debug|Any CPU
		{F6D5EDED-C2D9-F86C-74DA-58C762DBA0E0}.Release|Any CPU.ActiveCfg = Release|Any CPU
		{F6D5EDED-C2D9-F86C-74DA-58C762DBA0E0}.Release|Any CPU.Build.0 = Release|Any CPU
		{E53DE909-9150-F720-A034-6982CA7E3085}.Debug|Any CPU.ActiveCfg = Debug|Any CPU
		{E53DE909-9150-F720-A034-6982CA7E3085}.Debug|Any CPU.Build.0 = Debug|Any CPU
		{E53DE909-9150-F720-A034-6982CA7E3085}.Release|Any CPU.ActiveCfg = Release|Any CPU
		{E53DE909-9150-F720-A034-6982CA7E3085}.Release|Any CPU.Build.0 = Release|Any CPU
		{C7F03602-DF49-45A7-A0AC-3D24B4168209}.Debug|Any CPU.ActiveCfg = Debug|Any CPU
		{C7F03602-DF49-45A7-A0AC-3D24B4168209}.Debug|Any CPU.Build.0 = Debug|Any CPU
		{C7F03602-DF49-45A7-A0AC-3D24B4168209}.Release|Any CPU.ActiveCfg = Release|Any CPU
		{C7F03602-DF49-45A7-A0AC-3D24B4168209}.Release|Any CPU.Build.0 = Release|Any CPU
	EndGlobalSection
	GlobalSection(SolutionProperties) = preSolution
		HideSolutionNode = FALSE
	EndGlobalSection
	GlobalSection(ExtensibilityGlobals) = postSolution
		SolutionGuid = {570DE739-4EE4-4A6B-8720-4D504FA09A88}
	EndGlobalSection
EndGlobal
